
Microsoft Visual Studio Solution File, Format Version 12.00
# Visual Studio Version 16
VisualStudioVersion = 16.0.33801.447
MinimumVisualStudioVersion = 10.0.40219.1
Project("{9A19103F-16F7-4668-BE54-9A1E7A4F7556}") = "module3", "module3\module3.csproj", "{6080309A-BA41-46A0-B025-50323C60849A}"
EndProject
Project("{FAE04EC0-301F-11D3-BF4B-00C04F79EFBC}") = "module3.2", "module3.2\module3.2.csproj", "{6ADFA831-6241-4DB3-85FB-EF74BA456EB0}"
EndProject
Project("{FAE04EC0-301F-11D3-BF4B-00C04F79EFBC}") = "module3.3", "module3.3\module3.3.csproj", "{03E0095D-39CC-4191-9276-D3B6E9345837}"
EndProject
Global
	GlobalSection(SolutionConfigurationPlatforms) = preSolution
		Debug|Any CPU = Debug|Any CPU
		Release|Any CPU = Release|Any CPU
	EndGlobalSection
	GlobalSection(ProjectConfigurationPlatforms) = postSolution
		{6080309A-BA41-46A0-B025-50323C60849A}.Debug|Any CPU.ActiveCfg = Debug|Any CPU
		{6080309A-BA41-46A0-B025-50323C60849A}.Debug|Any CPU.Build.0 = Debug|Any CPU
		{6080309A-BA41-46A0-B025-50323C60849A}.Release|Any CPU.ActiveCfg = Release|Any CPU
		{6080309A-BA41-46A0-B025-50323C60849A}.Release|Any CPU.Build.0 = Release|Any CPU
		{6ADFA831-6241-4DB3-85FB-EF74BA456EB0}.Debug|Any CPU.ActiveCfg = Debug|Any CPU
		{6ADFA831-6241-4DB3-85FB-EF74BA456EB0}.Debug|Any CPU.Build.0 = Debug|Any CPU
		{6ADFA831-6241-4DB3-85FB-EF74BA456EB0}.Release|Any CPU.ActiveCfg = Release|Any CPU
		{6ADFA831-6241-4DB3-85FB-EF74BA456EB0}.Release|Any CPU.Build.0 = Release|Any CPU
		{03E0095D-39CC-4191-9276-D3B6E9345837}.Debug|Any CPU.ActiveCfg = Debug|Any CPU
		{03E0095D-39CC-4191-9276-D3B6E9345837}.Debug|Any CPU.Build.0 = Debug|Any CPU
		{03E0095D-39CC-4191-9276-D3B6E9345837}.Release|Any CPU.ActiveCfg = Release|Any CPU
		{03E0095D-39CC-4191-9276-D3B6E9345837}.Release|Any CPU.Build.0 = Release|Any CPU
	EndGlobalSection
	GlobalSection(SolutionProperties) = preSolution
		HideSolutionNode = FALSE
	EndGlobalSection
	GlobalSection(ExtensibilityGlobals) = postSolution
		SolutionGuid = {5D6192BD-BC65-46D1-9528-CE44B4895C5F}
	EndGlobalSection
EndGlobal
